# This file is automatically @generated by Cargo.
# It is not intended for manual editing.
version = 4

[[package]]
name = "byteorder"
version = "1.5.0"
source = "registry+https://github.com/rust-lang/crates.io-index"
checksum = "1fd0f2584146f6f2ef48085050886acf353beff7305ebd1ae69500e27c67f64b"

[[package]]
name = "crossbeam-channel"
version = "0.5.16"
source = "registry+https://github.com/rust-lang/crates.io-index"
checksum = "d85363c37faeca707aef026efa9f3b34d077bce547e48f770770625c6013679e"
dependencies = [
 "crossbeam-utils",
]

[[package]]
name = "crossbeam-utils"
version = "0.8.22"
source = "registry+https://github.com/rust-lang/crates.io-index"
checksum = "61803da095bee82a81bb1a452ecc25d3b2f1416d1897eb86430c6159ef717c17"

[[package]]
name = "hual"
version = "0.1.0"
dependencies = [
 "byteorder",
 "crossbeam-channel",
 "memmap2",
]

[[package]]
name = "libc"
version = "0.2.186"
source = "registry+https://github.com/rust-lang/crates.io-index"
checksum = "68ab91017fe16c622486840e4c83c9a37afeff978bd239b5293d61ece587de66"

[[package]]
name = "memmap2"
version = "0.9.11"
source = "registry+https://github.com/rust-lang/crates.io-index"
checksum = "d1219ed1b7f229ee7104d281dd01d6802fe28bb6e95d292942c4daacdeb798c0"
dependencies = [
 "libc",
]
